{
    "hash": "39a79861f1070e8916265d6eb3a99c19",
    "packages": [
        {
            "package": "Respect/Validation",
            "version": "dev-master",
            "source-reference": "297a677a24fd3bf33ddbc2a4e959a0f50fef7029",
            "commit-date": "1335322940"
        },
        {
            "package": "doctrine/common",
            "version": "dev-master",
            "alias-pretty-version": "2.4.x-dev",
            "alias-version": "2.4.9999999.9999999-dev"
        },
        {
            "package": "doctrine/common",
            "version": "dev-master",
            "source-reference": "0fd55331b0c42f979e9337c2d0675e555b3e3966",
            "commit-date": "1347773037"
        },
        {
            "package": "doctrine/mongodb",
            "version": "1.0.0-BETA1"
        },
        {
            "package": "doctrine/mongodb-odm",
            "version": "1.0.0-BETA4"
        },
        {
            "package": "emran/php-solr-helper",
            "version": "dev-master",
            "source-reference": "25f8e5c3b14026ebd27caa148defe47c95b0ed20",
            "commit-date": "1343361607"
        },
        {
            "package": "facebook/php-sdk",
            "version": "dev-master",
            "source-reference": "v3.2.0",
            "commit-date": "1344965300"
        },
        {
            "package": "knplabs/gaufrette",
            "version": "dev-master",
            "source-reference": "v0.1.1",
            "commit-date": "1347953999"
        },
        {
            "package": "nikic/php-parser",
            "version": "dev-master",
            "source-reference": "af5d288fb357a3c2994ef4e49953731f7fe0524a",
            "commit-date": "1347054121"
        },
        {
            "package": "pimple/pimple",
            "version": "1.0.0"
        },
        {
            "package": "room13/PhpSolrClient",
            "version": "dev-master",
            "source-reference": "d4aa377cada32e7d1367ec2010df277f66965568",
            "commit-date": "1336489851"
        },
        {
            "package": "sami/sami",
            "version": "dev-master",
            "source-reference": "d3e3067796a5180ddd18f5a67c154bc2154f1f1d",
            "commit-date": "1347368573"
        },
        {
            "package": "swiftmailer/swiftmailer",
            "version": "dev-master",
            "alias-pretty-version": "4.2.x-dev",
            "alias-version": "4.2.9999999.9999999-dev"
        },
        {
            "package": "swiftmailer/swiftmailer",
            "version": "dev-master",
            "source-reference": "1e5482485f30a2431f9b8eb19a091eef4b57008c",
            "commit-date": "1347542176"
        },
        {
            "package": "symfony/class-loader",
            "version": "2.1.x-dev",
            "source-reference": "v2.1.1",
            "commit-date": "1346482956"
        },
        {
            "package": "symfony/console",
            "version": "2.1.x-dev",
            "source-reference": "v2.1.1",
            "commit-date": "1345643321"
        },
        {
            "package": "symfony/event-dispatcher",
            "version": "2.1.x-dev",
            "source-reference": "v2.1.1",
            "commit-date": "1347274422"
        },
        {
            "package": "symfony/filesystem",
            "version": "2.1.x-dev",
            "source-reference": "v2.1.0-RC2",
            "commit-date": "1345643321"
        },
        {
            "package": "symfony/finder",
            "version": "2.1.x-dev",
            "source-reference": "v2.1.0-RC2",
            "commit-date": "1345643321"
        },
        {
            "package": "symfony/http-foundation",
            "version": "2.1.x-dev",
            "source-reference": "v2.1.1",
            "commit-date": "1346761482"
        },
        {
            "package": "symfony/http-kernel",
            "version": "2.1.x-dev",
            "source-reference": "52820d9f3b80e3b8d31aba53bb792ec25894e092",
            "commit-date": "1347914517"
        },
        {
            "package": "symfony/process",
            "version": "2.1.x-dev",
            "source-reference": "v2.1.1",
            "commit-date": "1346330945"
        },
        {
            "package": "symfony/routing",
            "version": "2.1.x-dev",
            "source-reference": "v2.1.1",
            "commit-date": "1347274422"
        },
        {
            "package": "symfony/yaml",
            "version": "2.1.x-dev",
            "source-reference": "v2.1.0-RC2",
            "commit-date": "1345643321"
        },
        {
            "package": "twig/twig",
            "version": "dev-master",
            "alias-pretty-version": "1.10.x-dev",
            "alias-version": "1.10.9999999.9999999-dev"
        },
        {
            "package": "twig/twig",
            "version": "dev-master",
            "source-reference": "b4d1d62b82e83c6fd3d5a6cd46a186de64275bb4",
            "commit-date": "1347961095"
        }
    ],
    "packages-dev": null,
    "aliases": [

    ],
    "minimum-stability": "dev",
    "stability-flags": {
        "respect/validation": 20,
        "sami/sami": 20,
        "emran/php-solr-helper": 20,
        "facebook/php-sdk": 20,
        "knplabs/gaufrette": 20
    }
}
