{
    "hash": "72ad1066b9acd4a52add15cd2f944119",
    "packages": [
        {
            "name": "Respect/Validation",
            "version": "dev-master",
            "source": {
                "type": "git",
                "url": "git://github.com/Respect/Validation.git",
                "reference": "297a677a24fd3bf33ddbc2a4e959a0f50fef7029"
            },
            "dist": {
                "type": "zip",
                "url": "https://github.com/Respect/Validation/zipball/297a677a24fd3bf33ddbc2a4e959a0f50fef7029",
                "reference": "297a677a24fd3bf33ddbc2a4e959a0f50fef7029",
                "shasum": ""
            },
            "time": "1335322940",
            "type": "library",
            "installation-source": "source",
            "autoload": {
                "psr-0": {
                    "Respect\\Validation": "library/"
                }
            }
        },
        {
            "name": "doctrine/common",
            "version": "dev-master",
            "source": {
                "type": "git",
                "url": "https://github.com/doctrine/common",
                "reference": "150cb23135aa338b8f425fe40fa450ed372c8085"
            },
            "dist": {
                "type": "zip",
                "url": "https://github.com/doctrine/common/zipball/150cb23135aa338b8f425fe40fa450ed372c8085",
                "reference": "150cb23135aa338b8f425fe40fa450ed372c8085",
                "shasum": ""
            },
            "require": {
                "php": ">=5.3.2"
            },
            "time": "1349626836",
            "type": "library",
            "extra": {
                "branch-alias": {
                    "dev-master": "2.4.x-dev"
                }
            },
            "installation-source": "source",
            "autoload": {
                "psr-0": {
                    "Doctrine\\Common\\": "lib/"
                }
            },
            "license": [
                "MIT"
            ],
            "authors": [
                {
                    "name": "Jonathan Wage",
                    "email": "jonwage@gmail.com",
                    "homepage": "http://www.jwage.com/"
                },
                {
                    "name": "Guilherme Blanco",
                    "email": "guilhermeblanco@gmail.com",
                    "homepage": "http://www.instaclick.com"
                },
                {
                    "name": "Roman Borschel",
                    "email": "roman@code-factory.org"
                },
                {
                    "name": "Benjamin Eberlei",
                    "email": "kontakt@beberlei.de"
                },
                {
                    "name": "Johannes M. Schmitt",
                    "email": "schmittjoh@gmail.com",
                    "homepage": "http://jmsyst.com",
                    "role": "Developer of wrapped JMSSerializerBundle"
                }
            ],
            "description": "Common Library for Doctrine projects",
            "homepage": "http://www.doctrine-project.org",
            "keywords": [
                "collections",
                "spl",
                "eventmanager",
                "annotations",
                "persistence"
            ]
        },
        {
            "name": "doctrine/mongodb",
            "version": "1.0.0-BETA1",
            "source": {
                "type": "git",
                "url": "https://github.com/doctrine/mongodb",
                "reference": "1.0.0-BETA1"
            },
            "dist": {
                "type": "zip",
                "url": "https://github.com/doctrine/mongodb/zipball/1.0.0-BETA1",
                "reference": "1.0.0-BETA1",
                "shasum": ""
            },
            "require": {
                "php": ">=5.3.2",
                "ext-mongo": "*",
                "symfony/yaml": ">=2.0",
                "symfony/console": ">=2.0",
                "doctrine/common": ">=2.1.0"
            },
            "time": "2012-08-02 18:00:59",
            "type": "library",
            "installation-source": "dist",
            "autoload": {
                "psr-0": {
                    "Doctrine\\MongoDB": "lib/"
                }
            }
        },
        {
            "name": "doctrine/mongodb-odm",
            "version": "1.0.0-BETA4",
            "source": {
                "type": "git",
                "url": "https://github.com/doctrine/mongodb-odm.git",
                "reference": "1.0.0-BETA4"
            },
            "dist": {
                "type": "zip",
                "url": "https://github.com/doctrine/mongodb-odm/zipball/1.0.0-BETA4",
                "reference": "1.0.0-BETA4",
                "shasum": ""
            },
            "require": {
                "php": ">=5.3.2",
                "symfony/yaml": ">=2.0-dev,<2.2-dev",
                "symfony/console": ">=2.0-dev,<2.2-dev",
                "doctrine/common": ">=2.2.0,<2.5-dev",
                "doctrine/mongodb": "1.0.0-BETA1"
            },
            "time": "2012-08-07 19:39:04",
            "type": "library",
            "installation-source": "dist",
            "autoload": {
                "psr-0": {
                    "Doctrine\\ODM\\MongoDB": "lib/"
                }
            }
        },
        {
            "name": "emran/php-solr-helper",
            "version": "dev-master",
            "source": {
                "type": "git",
                "url": "https://github.com/phpfour/php-solr-helper",
                "reference": "25f8e5c3b14026ebd27caa148defe47c95b0ed20"
            },
            "dist": {
                "type": "zip",
                "url": "https://github.com/phpfour/php-solr-helper/zipball/25f8e5c3b14026ebd27caa148defe47c95b0ed20",
                "reference": "25f8e5c3b14026ebd27caa148defe47c95b0ed20",
                "shasum": ""
            },
            "require": {
                "php": ">=5.3.0",
                "room13/phpsolrclient": "dev-master"
            },
            "time": "1343361607",
            "type": "library",
            "installation-source": "source",
            "autoload": {
                "psr-0": {
                    "Emran": "src"
                }
            }
        },
        {
            "name": "facebook/php-sdk",
            "version": "dev-master",
            "source": {
                "type": "git",
                "url": "git://github.com/facebook/facebook-php-sdk.git",
                "reference": "v3.2.0"
            },
            "dist": {
                "type": "zip",
                "url": "https://github.com/facebook/facebook-php-sdk/zipball/v3.2.0",
                "reference": "v3.2.0",
                "shasum": ""
            },
            "require": {
                "php": ">=5.2.0",
                "ext-curl": "*",
                "ext-json": "*"
            },
            "time": "1344965300",
            "type": "library",
            "installation-source": "source",
            "autoload": {
                "classmap": [
                    "src"
                ]
            }
        },
        {
            "name": "knplabs/gaufrette",
            "version": "dev-master",
            "source": {
                "type": "git",
                "url": "https://github.com/KnpLabs/Gaufrette",
                "reference": "0628ac151f6326e8a1c97f531a5bb891d9a0ab6f"
            },
            "dist": {
                "type": "zip",
                "url": "https://github.com/KnpLabs/Gaufrette/zipball/76b830c119432e08eb8fb723f5d148531f2d84c9",
                "reference": "76b830c119432e08eb8fb723f5d148531f2d84c9",
                "shasum": ""
            },
            "require": {
                "php": ">=5.3.0"
            },
            "require-dev": {
                "rackspace/php-cloudfiles": "*",
                "doctrine/dbal": ">=2.3",
                "amazonwebservices/aws-sdk-for-php": "1.5.*",
                "dropbox-php/dropbox-php": "*"
            },
            "suggest": {
                "knplabs/knp-gaufrette-bundle": "*",
                "ext-curl": "*",
                "ext-mbstring": "*",
                "ext-mongo": "*",
                "dropbox-php/dropbox-php": "to use the Dropbox adapter",
                "amazonwebservices/aws-sdk-for-php": "to use the Amazon S3 adapter",
                "doctrine/dbal": "to use the Doctrine DBAL adapter",
                "ext-zip": "to use the Zip adapter"
            },
            "time": "1350290998",
            "type": "library",
            "extra": {
                "branch-alias": {
                    "dev-master": "0.2.x-dev"
                }
            },
            "installation-source": "source",
            "autoload": {
                "psr-0": {
                    "Gaufrette": "src/"
                }
            },
            "license": [
                "MIT"
            ],
            "authors": [
                {
                    "name": "The contributors",
                    "homepage": "http://github.com/knplabs/Gaufrette/contributors"
                },
                {
                    "name": "KnpLabs Team",
                    "homepage": "http://knplabs.com"
                }
            ],
            "description": "PHP5 library that provides a filesystem abstraction layer",
            "homepage": "http://knplabs.com",
            "keywords": [
                "media",
                "file",
                "filesystem",
                "abstraction"
            ]
        },
        {
            "name": "monolog/monolog",
            "version": "1.2.1",
            "source": {
                "type": "git",
                "url": "https://github.com/Seldaek/monolog",
                "reference": "1.2.1"
            },
            "dist": {
                "type": "zip",
                "url": "https://github.com/Seldaek/monolog/zipball/1.2.1",
                "reference": "1.2.1",
                "shasum": ""
            },
            "require": {
                "php": ">=5.3.0"
            },
            "require-dev": {
                "mlehner/gelf-php": "1.0.*"
            },
            "suggest": {
                "mlehner/gelf-php": "Allow sending log messages to a GrayLog2 server",
                "ext-amqp": "Allow sending log messages to an AMQP server (1.0+ required)",
                "ext-mongo": "Allow sending log messages to a MongoDB server"
            },
            "time": "2012-08-29 04:53:20",
            "type": "library",
            "extra": {
                "branch-alias": {
                    "dev-master": "1.3.x-dev"
                }
            },
            "installation-source": "dist",
            "autoload": {
                "psr-0": {
                    "Monolog": "src/"
                }
            },
            "license": [
                "MIT"
            ],
            "authors": [
                {
                    "name": "Jordi Boggiano",
                    "email": "j.boggiano@seld.be",
                    "homepage": "http://seld.be",
                    "role": "Developer"
                }
            ],
            "description": "Logging for PHP 5.3",
            "homepage": "http://github.com/Seldaek/monolog",
            "keywords": [
                "log",
                "logging"
            ]
        },
        {
            "name": "nikic/php-parser",
            "version": "dev-master",
            "source": {
                "type": "git",
                "url": "https://github.com/nikic/PHP-Parser",
                "reference": "af5d288fb357a3c2994ef4e49953731f7fe0524a"
            },
            "dist": {
                "type": "zip",
                "url": "https://github.com/nikic/PHP-Parser/zipball/af5d288fb357a3c2994ef4e49953731f7fe0524a",
                "reference": "af5d288fb357a3c2994ef4e49953731f7fe0524a",
                "shasum": ""
            },
            "require": {
                "php": ">=5.2"
            },
            "time": "1347054121",
            "type": "library",
            "installation-source": "source",
            "autoload": {
                "psr-0": {
                    "PHPParser": "lib/"
                }
            }
        },
        {
            "name": "pimple/pimple",
            "version": "1.0.0",
            "source": {
                "type": "git",
                "url": "git://github.com/fabpot/Pimple.git",
                "reference": "v1.0.0"
            },
            "dist": {
                "type": "zip",
                "url": "https://github.com/fabpot/Pimple/zipball/v1.0.0",
                "reference": "v1.0.0",
                "shasum": ""
            },
            "require": {
                "php": ">=5.3.0"
            },
            "time": "2012-05-08 13:57:24",
            "type": "library",
            "extra": {
                "branch-alias": {
                    "dev-master": "1.0.x-dev"
                }
            },
            "installation-source": "dist",
            "autoload": {
                "psr-0": {
                    "Pimple": "lib/"
                }
            }
        },
        {
            "name": "room13/PhpSolrClient",
            "version": "dev-master",
            "source": {
                "type": "git",
                "url": "https://github.com/roomthirteen/PhpSolrClient",
                "reference": "d4aa377cada32e7d1367ec2010df277f66965568"
            },
            "dist": {
                "type": "zip",
                "url": "https://github.com/roomthirteen/PhpSolrClient/zipball/d4aa377cada32e7d1367ec2010df277f66965568",
                "reference": "d4aa377cada32e7d1367ec2010df277f66965568",
                "shasum": ""
            },
            "time": "1336489851",
            "type": "library",
            "installation-source": "source",
            "autoload": {
                "psr-0": {
                    "Apache_Solr": "."
                }
            }
        },
        {
            "name": "sami/sami",
            "version": "dev-master",
            "source": {
                "type": "git",
                "url": "https://github.com/fabpot/Sami",
                "reference": "35e7ae109e17277baa0ef066f9448078b5aca5e0"
            },
            "dist": {
                "type": "zip",
                "url": "https://github.com/fabpot/Sami/zipball/35e7ae109e17277baa0ef066f9448078b5aca5e0",
                "reference": "35e7ae109e17277baa0ef066f9448078b5aca5e0",
                "shasum": ""
            },
            "require": {
                "php": ">=5.3.0",
                "pimple/pimple": "1.0.*",
                "twig/twig": "1.*",
                "nikic/php-parser": "0.9.*",
                "symfony/console": ">=2.1,<3.0-dev",
                "symfony/finder": ">=2.1,<3.0-dev",
                "symfony/filesystem": ">=2.1,<3.0-dev",
                "symfony/yaml": ">=2.1,<3.0-dev",
                "symfony/process": ">=2.1,<3.0-dev"
            },
            "time": "1349357674",
            "bin": [
                "sami.php"
            ],
            "type": "application",
            "installation-source": "source",
            "autoload": {
                "psr-0": {
                    "Sami": "."
                }
            },
            "license": [
                "MIT"
            ],
            "authors": [
                {
                    "name": "Fabien Potencier",
                    "email": "fabien@symfony.com"
                }
            ],
            "description": "Sami, an API documentation generator",
            "homepage": "http://sami.sensiolabs.org",
            "keywords": [
                "phpdoc"
            ]
        },
        {
            "name": "swiftmailer/swiftmailer",
            "version": "dev-master",
            "source": {
                "type": "git",
                "url": "git://github.com/swiftmailer/swiftmailer.git",
                "reference": "22731e907f5ca288c9bfde6b54f3611ace0a6c39"
            },
            "dist": {
                "type": "zip",
                "url": "https://github.com/swiftmailer/swiftmailer/zipball/22731e907f5ca288c9bfde6b54f3611ace0a6c39",
                "reference": "22731e907f5ca288c9bfde6b54f3611ace0a6c39",
                "shasum": ""
            },
            "require": {
                "php": ">=5.2.4"
            },
            "time": "1349196829",
            "type": "library",
            "extra": {
                "branch-alias": {
                    "dev-master": "4.2-dev"
                }
            },
            "installation-source": "source",
            "autoload": {
                "files": [
                    "lib/swift_required.php"
                ]
            },
            "license": [
                "LGPL"
            ],
            "authors": [
                {
                    "name": "Fabien Potencier",
                    "email": "fabien@symfony.com"
                },
                {
                    "name": "Chris Corbyn"
                }
            ],
            "description": "Swiftmailer, free feature-rich PHP mailer",
            "homepage": "http://swiftmailer.org",
            "keywords": [
                "mail",
                "mailer"
            ]
        },
        {
            "name": "symfony/class-loader",
            "version": "2.1.x-dev",
            "target-dir": "Symfony/Component/ClassLoader",
            "source": {
                "type": "git",
                "url": "https://github.com/symfony/ClassLoader",
                "reference": "1de4a18fa9178be32884d52a0048e90021ff2166"
            },
            "dist": {
                "type": "zip",
                "url": "https://github.com/symfony/ClassLoader/zipball/1de4a18fa9178be32884d52a0048e90021ff2166",
                "reference": "1de4a18fa9178be32884d52a0048e90021ff2166",
                "shasum": ""
            },
            "require": {
                "php": ">=5.3.3"
            },
            "require-dev": {
                "symfony/finder": "2.1.*"
            },
            "time": "1349363877",
            "type": "library",
            "extra": {
                "branch-alias": {
                    "dev-master": "2.1-dev"
                }
            },
            "installation-source": "source",
            "autoload": {
                "psr-0": {
                    "Symfony\\Component\\ClassLoader": ""
                }
            },
            "license": [
                "MIT"
            ],
            "authors": [
                {
                    "name": "Fabien Potencier",
                    "email": "fabien@symfony.com"
                },
                {
                    "name": "Symfony Community",
                    "homepage": "http://symfony.com/contributors"
                }
            ],
            "description": "Symfony ClassLoader Component",
            "homepage": "http://symfony.com"
        },
        {
            "name": "symfony/console",
            "version": "2.1.x-dev",
            "target-dir": "Symfony/Component/Console",
            "source": {
                "type": "git",
                "url": "https://github.com/symfony/Console",
                "reference": "79b6ad67caee9ff7bac1be620a58e9164d317c58"
            },
            "dist": {
                "type": "zip",
                "url": "https://github.com/symfony/Console/zipball/79b6ad67caee9ff7bac1be620a58e9164d317c58",
                "reference": "79b6ad67caee9ff7bac1be620a58e9164d317c58",
                "shasum": ""
            },
            "require": {
                "php": ">=5.3.3"
            },
            "time": "1349963062",
            "type": "library",
            "extra": {
                "branch-alias": {
                    "dev-master": "2.1-dev"
                }
            },
            "installation-source": "source",
            "autoload": {
                "psr-0": {
                    "Symfony\\Component\\Console": ""
                }
            },
            "license": [
                "MIT"
            ],
            "authors": [
                {
                    "name": "Fabien Potencier",
                    "email": "fabien@symfony.com"
                },
                {
                    "name": "Symfony Community",
                    "homepage": "http://symfony.com/contributors"
                }
            ],
            "description": "Symfony Console Component",
            "homepage": "http://symfony.com"
        },
        {
            "name": "symfony/event-dispatcher",
            "version": "2.1.x-dev",
            "target-dir": "Symfony/Component/EventDispatcher",
            "source": {
                "type": "git",
                "url": "https://github.com/symfony/EventDispatcher",
                "reference": "fb273317c0505ba657aa3d727530d36ae671fb82"
            },
            "dist": {
                "type": "zip",
                "url": "https://github.com/symfony/EventDispatcher/zipball/fb273317c0505ba657aa3d727530d36ae671fb82",
                "reference": "fb273317c0505ba657aa3d727530d36ae671fb82",
                "shasum": ""
            },
            "require": {
                "php": ">=5.3.3"
            },
            "require-dev": {
                "symfony/dependency-injection": "2.1.*"
            },
            "suggest": {
                "symfony/dependency-injection": "2.1.*",
                "symfony/http-kernel": "2.1.*"
            },
            "time": "1349363877",
            "type": "library",
            "extra": {
                "branch-alias": {
                    "dev-master": "2.1-dev"
                }
            },
            "installation-source": "source",
            "autoload": {
                "psr-0": {
                    "Symfony\\Component\\EventDispatcher": ""
                }
            },
            "license": [
                "MIT"
            ],
            "authors": [
                {
                    "name": "Fabien Potencier",
                    "email": "fabien@symfony.com"
                },
                {
                    "name": "Symfony Community",
                    "homepage": "http://symfony.com/contributors"
                }
            ],
            "description": "Symfony EventDispatcher Component",
            "homepage": "http://symfony.com"
        },
        {
            "name": "symfony/filesystem",
            "version": "2.1.x-dev",
            "target-dir": "Symfony/Component/Filesystem",
            "source": {
                "type": "git",
                "url": "https://github.com/symfony/Filesystem",
                "reference": "de224eb984501c189e7c5827f38dc47789cdb840"
            },
            "dist": {
                "type": "zip",
                "url": "https://github.com/symfony/Filesystem/zipball/de224eb984501c189e7c5827f38dc47789cdb840",
                "reference": "de224eb984501c189e7c5827f38dc47789cdb840",
                "shasum": ""
            },
            "require": {
                "php": ">=5.3.3"
            },
            "time": "1349363877",
            "type": "library",
            "extra": {
                "branch-alias": {
                    "dev-master": "2.1-dev"
                }
            },
            "installation-source": "source",
            "autoload": {
                "psr-0": {
                    "Symfony\\Component\\Filesystem": ""
                }
            },
            "license": [
                "MIT"
            ],
            "authors": [
                {
                    "name": "Fabien Potencier",
                    "email": "fabien@symfony.com"
                },
                {
                    "name": "Symfony Community",
                    "homepage": "http://symfony.com/contributors"
                }
            ],
            "description": "Symfony Filesystem Component",
            "homepage": "http://symfony.com"
        },
        {
            "name": "symfony/finder",
            "version": "2.1.x-dev",
            "target-dir": "Symfony/Component/Finder",
            "source": {
                "type": "git",
                "url": "https://github.com/symfony/Finder",
                "reference": "3566ba9c000c40fb409de1ebdc6e390a14248c3c"
            },
            "dist": {
                "type": "zip",
                "url": "https://github.com/symfony/Finder/zipball/3566ba9c000c40fb409de1ebdc6e390a14248c3c",
                "reference": "3566ba9c000c40fb409de1ebdc6e390a14248c3c",
                "shasum": ""
            },
            "require": {
                "php": ">=5.3.3"
            },
            "time": "1349363877",
            "type": "library",
            "extra": {
                "branch-alias": {
                    "dev-master": "2.1-dev"
                }
            },
            "installation-source": "source",
            "autoload": {
                "psr-0": {
                    "Symfony\\Component\\Finder": ""
                }
            },
            "license": [
                "MIT"
            ],
            "authors": [
                {
                    "name": "Fabien Potencier",
                    "email": "fabien@symfony.com"
                },
                {
                    "name": "Symfony Community",
                    "homepage": "http://symfony.com/contributors"
                }
            ],
            "description": "Symfony Finder Component",
            "homepage": "http://symfony.com"
        },
        {
            "name": "symfony/http-foundation",
            "version": "2.1.x-dev",
            "target-dir": "Symfony/Component/HttpFoundation",
            "source": {
                "type": "git",
                "url": "https://github.com/symfony/HttpFoundation",
                "reference": "2033da447641cdb2bdeffe4e698c7894e9993985"
            },
            "dist": {
                "type": "zip",
                "url": "https://github.com/symfony/HttpFoundation/zipball/2033da447641cdb2bdeffe4e698c7894e9993985",
                "reference": "2033da447641cdb2bdeffe4e698c7894e9993985",
                "shasum": ""
            },
            "require": {
                "php": ">=5.3.3"
            },
            "time": "1349961575",
            "type": "library",
            "extra": {
                "branch-alias": {
                    "dev-master": "2.1-dev"
                }
            },
            "installation-source": "source",
            "autoload": {
                "psr-0": {
                    "Symfony\\Component\\HttpFoundation": "",
                    "SessionHandlerInterface": "Symfony/Component/HttpFoundation/Resources/stubs"
                }
            },
            "license": [
                "MIT"
            ],
            "authors": [
                {
                    "name": "Fabien Potencier",
                    "email": "fabien@symfony.com"
                },
                {
                    "name": "Symfony Community",
                    "homepage": "http://symfony.com/contributors"
                }
            ],
            "description": "Symfony HttpFoundation Component",
            "homepage": "http://symfony.com"
        },
        {
            "name": "symfony/http-kernel",
            "version": "2.1.x-dev",
            "target-dir": "Symfony/Component/HttpKernel",
            "source": {
                "type": "git",
                "url": "https://github.com/symfony/HttpKernel",
                "reference": "607aae40607abf459ab6be074258ec41323c4fa6"
            },
            "dist": {
                "type": "zip",
                "url": "https://github.com/symfony/HttpKernel/zipball/607aae40607abf459ab6be074258ec41323c4fa6",
                "reference": "607aae40607abf459ab6be074258ec41323c4fa6",
                "shasum": ""
            },
            "require": {
                "php": ">=5.3.3",
                "symfony/event-dispatcher": "2.1.*",
                "symfony/http-foundation": "2.1.*"
            },
            "require-dev": {
                "symfony/browser-kit": "2.1.*",
                "symfony/class-loader": "2.1.*",
                "symfony/config": "2.1.*",
                "symfony/console": "2.1.*",
                "symfony/dependency-injection": "2.1.*",
                "symfony/finder": "2.1.*",
                "symfony/process": "2.1.*",
                "symfony/routing": "2.1.*"
            },
            "suggest": {
                "symfony/browser-kit": "2.1.*",
                "symfony/class-loader": "2.1.*",
                "symfony/config": "2.1.*",
                "symfony/console": "2.1.*",
                "symfony/dependency-injection": "2.1.*",
                "symfony/finder": "2.1.*"
            },
            "time": "1350122670",
            "type": "library",
            "extra": {
                "branch-alias": {
                    "dev-master": "2.1-dev"
                }
            },
            "installation-source": "source",
            "autoload": {
                "psr-0": {
                    "Symfony\\Component\\HttpKernel": ""
                }
            },
            "license": [
                "MIT"
            ],
            "authors": [
                {
                    "name": "Fabien Potencier",
                    "email": "fabien@symfony.com"
                },
                {
                    "name": "Symfony Community",
                    "homepage": "http://symfony.com/contributors"
                }
            ],
            "description": "Symfony HttpKernel Component",
            "homepage": "http://symfony.com"
        },
        {
            "name": "symfony/process",
            "version": "2.1.x-dev",
            "target-dir": "Symfony/Component/Process",
            "source": {
                "type": "git",
                "url": "https://github.com/symfony/Process",
                "reference": "fc5b082e436161427e29652e3316d7def5f7a64f"
            },
            "dist": {
                "type": "zip",
                "url": "https://github.com/symfony/Process/zipball/fc5b082e436161427e29652e3316d7def5f7a64f",
                "reference": "fc5b082e436161427e29652e3316d7def5f7a64f",
                "shasum": ""
            },
            "require": {
                "php": ">=5.3.3"
            },
            "time": "1349553363",
            "type": "library",
            "extra": {
                "branch-alias": {
                    "dev-master": "2.1-dev"
                }
            },
            "installation-source": "source",
            "autoload": {
                "psr-0": {
                    "Symfony\\Component\\Process": ""
                }
            },
            "license": [
                "MIT"
            ],
            "authors": [
                {
                    "name": "Fabien Potencier",
                    "email": "fabien@symfony.com"
                },
                {
                    "name": "Symfony Community",
                    "homepage": "http://symfony.com/contributors"
                }
            ],
            "description": "Symfony Process Component",
            "homepage": "http://symfony.com"
        },
        {
            "name": "symfony/routing",
            "version": "2.1.x-dev",
            "target-dir": "Symfony/Component/Routing",
            "source": {
                "type": "git",
                "url": "https://github.com/symfony/Routing",
                "reference": "6392f89975bd2b3ef4facbb5ef48143d035a9ff2"
            },
            "dist": {
                "type": "zip",
                "url": "https://github.com/symfony/Routing/zipball/6392f89975bd2b3ef4facbb5ef48143d035a9ff2",
                "reference": "6392f89975bd2b3ef4facbb5ef48143d035a9ff2",
                "shasum": ""
            },
            "require": {
                "php": ">=5.3.3"
            },
            "require-dev": {
                "symfony/config": "2.1.*",
                "symfony/yaml": "2.1.*",
                "symfony/http-kernel": "2.1.*",
                "doctrine/common": ">=2.2,<2.4-dev"
            },
            "suggest": {
                "doctrine/common": ">=2.2,<2.4-dev",
                "symfony/config": "2.1.*",
                "symfony/yaml": "2.1.*"
            },
            "time": "1350203264",
            "type": "library",
            "extra": {
                "branch-alias": {
                    "dev-master": "2.1-dev"
                }
            },
            "installation-source": "source",
            "autoload": {
                "psr-0": {
                    "Symfony\\Component\\Routing": ""
                }
            },
            "license": [
                "MIT"
            ],
            "authors": [
                {
                    "name": "Fabien Potencier",
                    "email": "fabien@symfony.com"
                },
                {
                    "name": "Symfony Community",
                    "homepage": "http://symfony.com/contributors"
                }
            ],
            "description": "Symfony Routing Component",
            "homepage": "http://symfony.com"
        },
        {
            "name": "symfony/yaml",
            "version": "2.1.x-dev",
            "target-dir": "Symfony/Component/Yaml",
            "source": {
                "type": "git",
                "url": "https://github.com/symfony/Yaml",
                "reference": "c02e2fbb794dae841d00765c37d66d9e9b6f40ea"
            },
            "dist": {
                "type": "zip",
                "url": "https://github.com/symfony/Yaml/zipball/c02e2fbb794dae841d00765c37d66d9e9b6f40ea",
                "reference": "c02e2fbb794dae841d00765c37d66d9e9b6f40ea",
                "shasum": ""
            },
            "require": {
                "php": ">=5.3.3"
            },
            "time": "1349363877",
            "type": "library",
            "extra": {
                "branch-alias": {
                    "dev-master": "2.1-dev"
                }
            },
            "installation-source": "source",
            "autoload": {
                "psr-0": {
                    "Symfony\\Component\\Yaml": ""
                }
            },
            "license": [
                "MIT"
            ],
            "authors": [
                {
                    "name": "Fabien Potencier",
                    "email": "fabien@symfony.com"
                },
                {
                    "name": "Symfony Community",
                    "homepage": "http://symfony.com/contributors"
                }
            ],
            "description": "Symfony Yaml Component",
            "homepage": "http://symfony.com"
        },
        {
            "name": "twig/twig",
            "version": "dev-master",
            "source": {
                "type": "git",
                "url": "git://github.com/fabpot/Twig.git",
                "reference": "f48f23a34da75d11b26f250a3e491e7d6bab7981"
            },
            "dist": {
                "type": "zip",
                "url": "https://github.com/fabpot/Twig/zipball/f48f23a34da75d11b26f250a3e491e7d6bab7981",
                "reference": "f48f23a34da75d11b26f250a3e491e7d6bab7981",
                "shasum": ""
            },
            "require": {
                "php": ">=5.2.4"
            },
            "time": "1350286697",
            "type": "library",
            "extra": {
                "branch-alias": {
                    "dev-master": "1.10-dev"
                }
            },
            "installation-source": "source",
            "autoload": {
                "psr-0": {
                    "Twig_": "lib/"
                }
            },
            "license": [
                "BSD-3"
            ],
            "authors": [
                {
                    "name": "Fabien Potencier",
                    "email": "fabien@symfony.com"
                },
                {
                    "name": "Armin Ronacher",
                    "email": "armin.ronacher@active-4.com"
                }
            ],
            "description": "Twig, the flexible, fast, and secure template language for PHP",
            "homepage": "http://twig.sensiolabs.org",
            "keywords": [
                "templating"
            ]
        }
    ],
    "packages-dev": null,
    "aliases": [

    ],
    "minimum-stability": "dev",
    "stability-flags": {
        "doctrine/mongodb-odm": 10,
        "respect/validation": 20,
        "sami/sami": 20,
        "emran/php-solr-helper": 20,
        "facebook/php-sdk": 20,
        "knplabs/gaufrette": 20
    }
}
